
Microsoft Visual Studio Solution File, Format Version 12.00
Project("{FAE04EC0-301F-11D3-BF4B-00C04F79EFBC}") = "ModbusFileParser", "ModbusFileParser\ModbusFileParser.csproj", "{A2B1F9B6-9DBD-4117-9546-3F4A661C9ED5}"
EndProject
Project("{2150E333-8FDC-42A3-9474-1A3956D46DE8}") = "yaml", "yaml", "{BF7D2F15-B66B-416B-957A-3F990861A561}"
	ProjectSection(SolutionItems) = preProject
		modbus_sungrow.yaml = modbus_sungrow.yaml
		secrets.yaml = secrets.yaml
		secrets_multi.yaml = secrets_multi.yaml
		modbus_sungrow_reversedId.yaml = modbus_sungrow_reversedId.yaml
		modbus_sungrow_1.yaml = modbus_sungrow_1.yaml
		modbus_sungrow_2.yaml = modbus_sungrow_2.yaml
		total_templates_1.yaml = total_templates_1.yaml
		total_templates_all.yaml = total_templates_all.yaml
		modbus_sungrow_garage.yaml = modbus_sungrow_garage.yaml
		modbus_sungrow_shed.yaml = modbus_sungrow_shed.yaml
	EndProjectSection
EndProject
Global
	GlobalSection(SolutionConfigurationPlatforms) = preSolution
		Debug|Any CPU = Debug|Any CPU
		Release|Any CPU = Release|Any CPU
	EndGlobalSection
	GlobalSection(ProjectConfigurationPlatforms) = postSolution
		{A2B1F9B6-9DBD-4117-9546-3F4A661C9ED5}.Debug|Any CPU.ActiveCfg = Debug|Any CPU
		{A2B1F9B6-9DBD-4117-9546-3F4A661C9ED5}.Debug|Any CPU.Build.0 = Debug|Any CPU
		{A2B1F9B6-9DBD-4117-9546-3F4A661C9ED5}.Release|Any CPU.ActiveCfg = Release|Any CPU
		{A2B1F9B6-9DBD-4117-9546-3F4A661C9ED5}.Release|Any CPU.Build.0 = Release|Any CPU
	EndGlobalSection
EndGlobal
